// !$*UTF8*$!
{
	archiveVersion = 1;
	classes = {
	};
	objectVersion = 77;
	objects = {

/* Begin PBXBuildFile section */
		062D5FC2FA8A420FD140A69A /* AppKey.swift in Sources */ = {isa = PBXBuildFile; fileRef = 08AC7AA49E6835A003ABAB59 /* AppKey.swift */; };
		07BE494413E0A7398EC351DA /* Channel.swift in Sources */ = {isa = PBXBuildFile; fileRef = 96B868A0DAEFFF9B5213D256 /* Channel.swift */; };
		09353AC83AAC4205DE95399B /* Blake3.swift in Sources */ = {isa = PBXBuildFile; fileRef = 2FBBD0964179A4D7E7921CC8 /* Blake3.swift */; };
		0B2E366148491A0F1186C33E /* ProfileView.swift in Sources */ = {isa = PBXBuildFile; fileRef = 4F05F4485F6FF70CE139A633 /* ProfileView.swift */; };
		0C6B73BFC56EB6DFADD6AE1F /* AppState.swift in Sources */ = {isa = PBXBuildFile; fileRef = 09A8248E5AD9F1420848EDBA /* AppState.swift */; };
		0DF09BEC04CC574FCC4A0BAE /* Tip.swift in Sources */ = {isa = PBXBuildFile; fileRef = D253657D78BBF3E902095116 /* Tip.swift */; };
		0E7D72785B3D134FB52205E7 /* WalletView.swift in Sources */ = {isa = PBXBuildFile; fileRef = D2F96D1F51C4258C86293279 /* WalletView.swift */; };
		12899E75389FE208AAFF8AE5 /* ExploreView.swift in Sources */ = {isa = PBXBuildFile; fileRef = 365AC8B2963EE11559A6B990 /* ExploreView.swift */; };
		1321F48D1E914F3D1E2CF02C /* Event.swift in Sources */ = {isa = PBXBuildFile; fileRef = 23BEDDEC2EF40CAEF9B437A1 /* Event.swift */; };
		169DF833F63B7EACCD98BC60 /* ComposeTweetView.swift in Sources */ = {isa = PBXBuildFile; fileRef = 9A5A4C939EB9062092ED03F5 /* ComposeTweetView.swift */; };
		1D3D205562E37CA1C3638EAA /* EventsView.swift in Sources */ = {isa = PBXBuildFile; fileRef = 94D28C4EAD28DE3FF3195B5E /* EventsView.swift */; };
		23AE1ECF321696F49E63F0E4 /* NotificationsView.swift in Sources */ = {isa = PBXBuildFile; fileRef = 073AD48D32B1E26B2B64ED79 /* NotificationsView.swift */; };
		2745E729A22A44E3712B9DC9 /* TribeColors.swift in Sources */ = {isa = PBXBuildFile; fileRef = FDD2A525C39B064F9AC8C727 /* TribeColors.swift */; };
		2796E7D3A341F6D6B71E0499 /* PollsView.swift in Sources */ = {isa = PBXBuildFile; fileRef = D63132C30320F42B2BF55E59 /* PollsView.swift */; };
		29CACEF7C7B8E2E0982FDDFF /* Preview Assets.xcassets in Resources */ = {isa = PBXBuildFile; fileRef = F3A774268D0B8D0858336218 /* Preview Assets.xcassets */; };
		37C777E5813FD800E612FFE9 /* OnboardingFlow.swift in Sources */ = {isa = PBXBuildFile; fileRef = A9D95ACEA95C61B37375627F /* OnboardingFlow.swift */; };
		3A6DEDB1980C2F7BB35BD2D4 /* PairFromDesktopView.swift in Sources */ = {isa = PBXBuildFile; fileRef = B9C0AD95A073D57A334FD849 /* PairFromDesktopView.swift */; };
		3EDD2B053F6AE8D1385ED7F1 /* User.swift in Sources */ = {isa = PBXBuildFile; fileRef = 57C8E03FF2B34F1012414A80 /* User.swift */; };
		533A09BE2495EF5B5DDCBC95 /* QRCodeView.swift in Sources */ = {isa = PBXBuildFile; fileRef = 2B868C6072E1DA00FBC6624F /* QRCodeView.swift */; };
		56D6D7AB4E87DA43505CD611 /* Keychain.swift in Sources */ = {isa = PBXBuildFile; fileRef = D0C3B6141F56126AE089BF4D /* Keychain.swift */; };
		58626016C53DC79B7A0C3EE3 /* Config.swift in Sources */ = {isa = PBXBuildFile; fileRef = DC9376976CC0A1932FB06560 /* Config.swift */; };
		6DD36106971F4999D743B256 /* HomeFeedView.swift in Sources */ = {isa = PBXBuildFile; fileRef = 3DF7E176BDCE10D02CD1008F /* HomeFeedView.swift */; };
		713770619D7FC2CD4547615F /* HubClient.swift in Sources */ = {isa = PBXBuildFile; fileRef = C0D67483EEA0DDC81F426E07 /* HubClient.swift */; };
		72C17593A75872F7CA3651EF /* Publish.swift in Sources */ = {isa = PBXBuildFile; fileRef = 0970F0A5C412F7668FF5E8B6 /* Publish.swift */; };
		8437CBF8565D3E056BD7B743 /* TribeIOSApp.swift in Sources */ = {isa = PBXBuildFile; fileRef = 8398D1268391B6F311E823CE /* TribeIOSApp.swift */; };
		8B0B7CC778DA7B462F038A69 /* RelativeTime.swift in Sources */ = {isa = PBXBuildFile; fileRef = 5318951F43F3AE819F82C4A8 /* RelativeTime.swift */; };
		958B0CDA8F7E1309C99D5ABF /* TasksView.swift in Sources */ = {isa = PBXBuildFile; fileRef = C5127EC451359DB6BAD38D6B /* TasksView.swift */; };
		995D60FE1189E94DE4C1068D /* Poll.swift in Sources */ = {isa = PBXBuildFile; fileRef = E96691175F31A3F9A7B843B9 /* Poll.swift */; };
		A15EAA8BB94BCD3950990A53 /* Tweet.swift in Sources */ = {isa = PBXBuildFile; fileRef = A47E77BBB5609B5912398F2D /* Tweet.swift */; };
		A535046A59F75BC1312BE579 /* Endpoints.swift in Sources */ = {isa = PBXBuildFile; fileRef = 0EBADF3A3BEFEAD22D576F12 /* Endpoints.swift */; };
		A676EA9A974194BC2AE65627 /* QRScannerView.swift in Sources */ = {isa = PBXBuildFile; fileRef = 8328AA08EE6A950A553A2F56 /* QRScannerView.swift */; };
		A7BF24787B2293F89CD3B7DB /* AvatarView.swift in Sources */ = {isa = PBXBuildFile; fileRef = A096FEE4A66995A887689B88 /* AvatarView.swift */; };
		AD82F656161B338B928BA963 /* Assets.xcassets in Resources */ = {isa = PBXBuildFile; fileRef = B97AD4934032892393B9155F /* Assets.xcassets */; };
		B499C5527FEED1ADB63E8E42 /* Decoding.swift in Sources */ = {isa = PBXBuildFile; fileRef = 9F2AEB2CE6F29DADB2CC9457 /* Decoding.swift */; };
		B8F5B24B898568BC227DBE29 /* SettingsView.swift in Sources */ = {isa = PBXBuildFile; fileRef = EBE660FC4F38EFEB1F195F9C /* SettingsView.swift */; };
		BF4C378D6630F4E5351B3B61 /* MessageSigner.swift in Sources */ = {isa = PBXBuildFile; fileRef = E65E672C5E187E60EA8930C4 /* MessageSigner.swift */; };
		C971BB9B1FF1C15E8A61665D /* TaskItem.swift in Sources */ = {isa = PBXBuildFile; fileRef = 9836C690FC752CF325A65BCE /* TaskItem.swift */; };
		CBA9642F0B9EC422CEDDAC85 /* TweetCardView.swift in Sources */ = {isa = PBXBuildFile; fileRef = CDE2890C2C72DA40FCFFFC5A /* TweetCardView.swift */; };
		CCD37BACA5F162929930A2B8 /* ChannelsView.swift in Sources */ = {isa = PBXBuildFile; fileRef = 69FE6A5ED5902269A7D4AF40 /* ChannelsView.swift */; };
		CD78F7E69049146C337190BB /* EmptyStateView.swift in Sources */ = {isa = PBXBuildFile; fileRef = 92277EC005CE1E6E1ECFE932 /* EmptyStateView.swift */; };
		CEEDF60BBB1DF987E0D34486 /* InteractionReads.swift in Sources */ = {isa = PBXBuildFile; fileRef = 8E5A550964EAD0AAD5AF588F /* InteractionReads.swift */; };
		D21F3B662F0936785B4258F8 /* InteractionCache.swift in Sources */ = {isa = PBXBuildFile; fileRef = 9079DDA3342BC33B65D252BF /* InteractionCache.swift */; };
		E2368A2BC5743D70F2F820CE /* CrowdfundsView.swift in Sources */ = {isa = PBXBuildFile; fileRef = CFAB23A3DE2D3E2C535CCD0A /* CrowdfundsView.swift */; };
		E2AA337F2E8CE0533E581D35 /* Crowdfund.swift in Sources */ = {isa = PBXBuildFile; fileRef = 4109E10DB52F71E507369D00 /* Crowdfund.swift */; };
		E505F8C592C502F8B6E960CE /* TribesHubView.swift in Sources */ = {isa = PBXBuildFile; fileRef = A88C3D0603D7BDBF06520B87 /* TribesHubView.swift */; };
		E61797F964B1975651F9F576 /* RootView.swift in Sources */ = {isa = PBXBuildFile; fileRef = 5D422B604A75747DAF5FE76A /* RootView.swift */; };
		EFD6BC65FC43B81C8FEF9A3E /* Notification.swift in Sources */ = {isa = PBXBuildFile; fileRef = 13A3A37FAA4984A1EB9B1EAC /* Notification.swift */; };
		F215E6B681F1F6EF60039593 /* SearchView.swift in Sources */ = {isa = PBXBuildFile; fileRef = B711AF2803F4AFA0B9EDAA3F /* SearchView.swift */; };
		FB7318C2D0E67F6390B1D17A /* Karma.swift in Sources */ = {isa = PBXBuildFile; fileRef = F6092E5CE3E4555A9ED18863 /* Karma.swift */; };
/* End PBXBuildFile section */

/* Begin PBXFileReference section */
		073AD48D32B1E26B2B64ED79 /* NotificationsView.swift */ = {isa = PBXFileReference; lastKnownFileType = sourcecode.swift; path = NotificationsView.swift; sourceTree = "<group>"; };
		08AC7AA49E6835A003ABAB59 /* AppKey.swift */ = {isa = PBXFileReference; lastKnownFileType = sourcecode.swift; path = AppKey.swift; sourceTree = "<group>"; };
		0970F0A5C412F7668FF5E8B6 /* Publish.swift */ = {isa = PBXFileReference; lastKnownFileType = sourcecode.swift; path = Publish.swift; sourceTree = "<group>"; };
		09A8248E5AD9F1420848EDBA /* AppState.swift */ = {isa = PBXFileReference; lastKnownFileType = sourcecode.swift; path = AppState.swift; sourceTree = "<group>"; };
		0EBADF3A3BEFEAD22D576F12 /* Endpoints.swift */ = {isa = PBXFileReference; lastKnownFileType = sourcecode.swift; path = Endpoints.swift; sourceTree = "<group>"; };
		13A3A37FAA4984A1EB9B1EAC /* Notification.swift */ = {isa = PBXFileReference; lastKnownFileType = sourcecode.swift; path = Notification.swift; sourceTree = "<group>"; };
		23BEDDEC2EF40CAEF9B437A1 /* Event.swift */ = {isa = PBXFileReference; lastKnownFileType = sourcecode.swift; path = Event.swift; sourceTree = "<group>"; };
		2B868C6072E1DA00FBC6624F /* QRCodeView.swift */ = {isa = PBXFileReference; lastKnownFileType = sourcecode.swift; path = QRCodeView.swift; sourceTree = "<group>"; };
		2FBBD0964179A4D7E7921CC8 /* Blake3.swift */ = {isa = PBXFileReference; lastKnownFileType = sourcecode.swift; path = Blake3.swift; sourceTree = "<group>"; };
		365AC8B2963EE11559A6B990 /* ExploreView.swift */ = {isa = PBXFileReference; lastKnownFileType = sourcecode.swift; path = ExploreView.swift; sourceTree = "<group>"; };
		3DF7E176BDCE10D02CD1008F /* HomeFeedView.swift */ = {isa = PBXFileReference; lastKnownFileType = sourcecode.swift; path = HomeFeedView.swift; sourceTree = "<group>"; };
		4109E10DB52F71E507369D00 /* Crowdfund.swift */ = {isa = PBXFileReference; lastKnownFileType = sourcecode.swift; path = Crowdfund.swift; sourceTree = "<group>"; };
		4F05F4485F6FF70CE139A633 /* ProfileView.swift */ = {isa = PBXFileReference; lastKnownFileType = sourcecode.swift; path = ProfileView.swift; sourceTree = "<group>"; };
		5318951F43F3AE819F82C4A8 /* RelativeTime.swift */ = {isa = PBXFileReference; lastKnownFileType = sourcecode.swift; path = RelativeTime.swift; sourceTree = "<group>"; };
		57C8E03FF2B34F1012414A80 /* User.swift */ = {isa = PBXFileReference; lastKnownFileType = sourcecode.swift; path = User.swift; sourceTree = "<group>"; };
		5D422B604A75747DAF5FE76A /* RootView.swift */ = {isa = PBXFileReference; lastKnownFileType = sourcecode.swift; path = RootView.swift; sourceTree = "<group>"; };
		69FE6A5ED5902269A7D4AF40 /* ChannelsView.swift */ = {isa = PBXFileReference; lastKnownFileType = sourcecode.swift; path = ChannelsView.swift; sourceTree = "<group>"; };
		8328AA08EE6A950A553A2F56 /* QRScannerView.swift */ = {isa = PBXFileReference; lastKnownFileType = sourcecode.swift; path = QRScannerView.swift; sourceTree = "<group>"; };
		8398D1268391B6F311E823CE /* TribeIOSApp.swift */ = {isa = PBXFileReference; lastKnownFileType = sourcecode.swift; path = TribeIOSApp.swift; sourceTree = "<group>"; };
		8BB7815D3E89E15F732CDD99 /* TribeIOS.app */ = {isa = PBXFileReference; explicitFileType = wrapper.application; includeInIndex = 0; path = TribeIOS.app; sourceTree = BUILT_PRODUCTS_DIR; };
		8E5A550964EAD0AAD5AF588F /* InteractionReads.swift */ = {isa = PBXFileReference; lastKnownFileType = sourcecode.swift; path = InteractionReads.swift; sourceTree = "<group>"; };
		9079DDA3342BC33B65D252BF /* InteractionCache.swift */ = {isa = PBXFileReference; lastKnownFileType = sourcecode.swift; path = InteractionCache.swift; sourceTree = "<group>"; };
		92277EC005CE1E6E1ECFE932 /* EmptyStateView.swift */ = {isa = PBXFileReference; lastKnownFileType = sourcecode.swift; path = EmptyStateView.swift; sourceTree = "<group>"; };
		94D28C4EAD28DE3FF3195B5E /* EventsView.swift */ = {isa = PBXFileReference; lastKnownFileType = sourcecode.swift; path = EventsView.swift; sourceTree = "<group>"; };
		96B868A0DAEFFF9B5213D256 /* Channel.swift */ = {isa = PBXFileReference; lastKnownFileType = sourcecode.swift; path = Channel.swift; sourceTree = "<group>"; };
		9836C690FC752CF325A65BCE /* TaskItem.swift */ = {isa = PBXFileReference; lastKnownFileType = sourcecode.swift; path = TaskItem.swift; sourceTree = "<group>"; };
		9A5A4C939EB9062092ED03F5 /* ComposeTweetView.swift */ = {isa = PBXFileReference; lastKnownFileType = sourcecode.swift; path = ComposeTweetView.swift; sourceTree = "<group>"; };
		9F2AEB2CE6F29DADB2CC9457 /* Decoding.swift */ = {isa = PBXFileReference; lastKnownFileType = sourcecode.swift; path = Decoding.swift; sourceTree = "<group>"; };
		A096FEE4A66995A887689B88 /* AvatarView.swift */ = {isa = PBXFileReference; lastKnownFileType = sourcecode.swift; path = AvatarView.swift; sourceTree = "<group>"; };
		A47E77BBB5609B5912398F2D /* Tweet.swift */ = {isa = PBXFileReference; lastKnownFileType = sourcecode.swift; path = Tweet.swift; sourceTree = "<group>"; };
		A88C3D0603D7BDBF06520B87 /* TribesHubView.swift */ = {isa = PBXFileReference; lastKnownFileType = sourcecode.swift; path = TribesHubView.swift; sourceTree = "<group>"; };
		A9D95ACEA95C61B37375627F /* OnboardingFlow.swift */ = {isa = PBXFileReference; lastKnownFileType = sourcecode.swift; path = OnboardingFlow.swift; sourceTree = "<group>"; };
		B711AF2803F4AFA0B9EDAA3F /* SearchView.swift */ = {isa = PBXFileReference; lastKnownFileType = sourcecode.swift; path = SearchView.swift; sourceTree = "<group>"; };
		B97AD4934032892393B9155F /* Assets.xcassets */ = {isa = PBXFileReference; lastKnownFileType = folder.assetcatalog; path = Assets.xcassets; sourceTree = "<group>"; };
		B9C0AD95A073D57A334FD849 /* PairFromDesktopView.swift */ = {isa = PBXFileReference; lastKnownFileType = sourcecode.swift; path = PairFromDesktopView.swift; sourceTree = "<group>"; };
		C0D67483EEA0DDC81F426E07 /* HubClient.swift */ = {isa = PBXFileReference; lastKnownFileType = sourcecode.swift; path = HubClient.swift; sourceTree = "<group>"; };
		C5127EC451359DB6BAD38D6B /* TasksView.swift */ = {isa = PBXFileReference; lastKnownFileType = sourcecode.swift; path = TasksView.swift; sourceTree = "<group>"; };
		CDE2890C2C72DA40FCFFFC5A /* TweetCardView.swift */ = {isa = PBXFileReference; lastKnownFileType = sourcecode.swift; path = TweetCardView.swift; sourceTree = "<group>"; };
		CFAB23A3DE2D3E2C535CCD0A /* CrowdfundsView.swift */ = {isa = PBXFileReference; lastKnownFileType = sourcecode.swift; path = CrowdfundsView.swift; sourceTree = "<group>"; };
		D0C3B6141F56126AE089BF4D /* Keychain.swift */ = {isa = PBXFileReference; lastKnownFileType = sourcecode.swift; path = Keychain.swift; sourceTree = "<group>"; };
		D253657D78BBF3E902095116 /* Tip.swift */ = {isa = PBXFileReference; lastKnownFileType = sourcecode.swift; path = Tip.swift; sourceTree = "<group>"; };
		D2F96D1F51C4258C86293279 /* WalletView.swift */ = {isa = PBXFileReference; lastKnownFileType = sourcecode.swift; path = WalletView.swift; sourceTree = "<group>"; };
		D63132C30320F42B2BF55E59 /* PollsView.swift */ = {isa = PBXFileReference; lastKnownFileType = sourcecode.swift; path = PollsView.swift; sourceTree = "<group>"; };
		D6D185DAFA04AEE9F38A89B5 /* Info.plist */ = {isa = PBXFileReference; lastKnownFileType = text.plist; path = Info.plist; sourceTree = "<group>"; };
		DC9376976CC0A1932FB06560 /* Config.swift */ = {isa = PBXFileReference; lastKnownFileType = sourcecode.swift; path = Config.swift; sourceTree = "<group>"; };
		E65E672C5E187E60EA8930C4 /* MessageSigner.swift */ = {isa = PBXFileReference; lastKnownFileType = sourcecode.swift; path = MessageSigner.swift; sourceTree = "<group>"; };
		E96691175F31A3F9A7B843B9 /* Poll.swift */ = {isa = PBXFileReference; lastKnownFileType = sourcecode.swift; path = Poll.swift; sourceTree = "<group>"; };
		EBE660FC4F38EFEB1F195F9C /* SettingsView.swift */ = {isa = PBXFileReference; lastKnownFileType = sourcecode.swift; path = SettingsView.swift; sourceTree = "<group>"; };
		F3A774268D0B8D0858336218 /* Preview Assets.xcassets */ = {isa = PBXFileReference; lastKnownFileType = folder.assetcatalog; path = "Preview Assets.xcassets"; sourceTree = "<group>"; };
		F6092E5CE3E4555A9ED18863 /* Karma.swift */ = {isa = PBXFileReference; lastKnownFileType = sourcecode.swift; path = Karma.swift; sourceTree = "<group>"; };
		FDD2A525C39B064F9AC8C727 /* TribeColors.swift */ = {isa = PBXFileReference; lastKnownFileType = sourcecode.swift; path = TribeColors.swift; sourceTree = "<group>"; };
/* End PBXFileReference section */

/* Begin PBXGroup section */
		01FAAAC72EB860A21D964834 /* API */ = {
			isa = PBXGroup;
			children = (
				0EBADF3A3BEFEAD22D576F12 /* Endpoints.swift */,
				C0D67483EEA0DDC81F426E07 /* HubClient.swift */,
				8E5A550964EAD0AAD5AF588F /* InteractionReads.swift */,
				0970F0A5C412F7668FF5E8B6 /* Publish.swift */,
			);
			path = API;
			sourceTree = "<group>";
		};
		104A586D098718EBAA2A949A /* State */ = {
			isa = PBXGroup;
			children = (
				09A8248E5AD9F1420848EDBA /* AppState.swift */,
				9079DDA3342BC33B65D252BF /* InteractionCache.swift */,
			);
			path = State;
			sourceTree = "<group>";
		};
		1262E7CC4CA709505D1D61DA /* TribeIOS */ = {
			isa = PBXGroup;
			children = (
				C1550E79541414CF68AB9DA1 /* Preview Content */,
				B97AD4934032892393B9155F /* Assets.xcassets */,
				D6D185DAFA04AEE9F38A89B5 /* Info.plist */,
				8398D1268391B6F311E823CE /* TribeIOSApp.swift */,
			);
			path = TribeIOS;
			sourceTree = "<group>";
		};
		268BAF2D87D5B02C6D5A1863 /* Notifications */ = {
			isa = PBXGroup;
			children = (
				073AD48D32B1E26B2B64ED79 /* NotificationsView.swift */,
			);
			path = Notifications;
			sourceTree = "<group>";
		};
		39A4BCE1D76FDBE99A47C19F /* Sources */ = {
			isa = PBXGroup;
			children = (
				01FAAAC72EB860A21D964834 /* API */,
				4F69121F7EE4875EA596E9CC /* Crypto */,
				A492D2B0A59F367B47E5F931 /* Models */,
				104A586D098718EBAA2A949A /* State */,
				7FA27CB882C30FAE00D594F1 /* Views */,
				DC9376976CC0A1932FB06560 /* Config.swift */,
			);
			path = Sources;
			sourceTree = "<group>";
		};
		3C6B731E7D662B4E52138127 /* Channels */ = {
			isa = PBXGroup;
			children = (
				69FE6A5ED5902269A7D4AF40 /* ChannelsView.swift */,
				A88C3D0603D7BDBF06520B87 /* TribesHubView.swift */,
			);
			path = Channels;
			sourceTree = "<group>";
		};
		4F69121F7EE4875EA596E9CC /* Crypto */ = {
			isa = PBXGroup;
			children = (
				08AC7AA49E6835A003ABAB59 /* AppKey.swift */,
				2FBBD0964179A4D7E7921CC8 /* Blake3.swift */,
				D0C3B6141F56126AE089BF4D /* Keychain.swift */,
				E65E672C5E187E60EA8930C4 /* MessageSigner.swift */,
			);
			path = Crypto;
			sourceTree = "<group>";
		};
		58FE37C7868F9072FBA19E1D /* Settings */ = {
			isa = PBXGroup;
			children = (
				EBE660FC4F38EFEB1F195F9C /* SettingsView.swift */,
			);
			path = Settings;
			sourceTree = "<group>";
		};
		6855637D33F4863B66D855F6 /* Events */ = {
			isa = PBXGroup;
			children = (
				94D28C4EAD28DE3FF3195B5E /* EventsView.swift */,
			);
			path = Events;
			sourceTree = "<group>";
		};
		7CA0BA7E8FE24E3B96A5C434 /* Onboarding */ = {
			isa = PBXGroup;
			children = (
				A9D95ACEA95C61B37375627F /* OnboardingFlow.swift */,
				B9C0AD95A073D57A334FD849 /* PairFromDesktopView.swift */,
				8328AA08EE6A950A553A2F56 /* QRScannerView.swift */,
			);
			path = Onboarding;
			sourceTree = "<group>";
		};
		7FA27CB882C30FAE00D594F1 /* Views */ = {
			isa = PBXGroup;
			children = (
				3C6B731E7D662B4E52138127 /* Channels */,
				C8B25FB794096192EAF7A9E3 /* Common */,
				BCF298F8A161E4E895E01709 /* Compose */,
				9887FCEC3FED928F62026A36 /* Crowdfunds */,
				6855637D33F4863B66D855F6 /* Events */,
				EDFEBAA5E2BD60BDA0FA4713 /* Explore */,
				E22EB0929D4F45249A56363A /* Home */,
				268BAF2D87D5B02C6D5A1863 /* Notifications */,
				7CA0BA7E8FE24E3B96A5C434 /* Onboarding */,
				88E49998BB6244422D2C2E43 /* Polls */,
				91668277BA405B102B37C974 /* Profile */,
				94B75D7C5C6AE9AB3D45867A /* Search */,
				58FE37C7868F9072FBA19E1D /* Settings */,
				C769BD36666176C348D9926E /* Shell */,
				A9E36B81DE4D82ACB7868A40 /* Tasks */,
				DAAF6751BF3BF47D43D22E49 /* Wallet */,
			);
			path = Views;
			sourceTree = "<group>";
		};
		88E49998BB6244422D2C2E43 /* Polls */ = {
			isa = PBXGroup;
			children = (
				D63132C30320F42B2BF55E59 /* PollsView.swift */,
			);
			path = Polls;
			sourceTree = "<group>";
		};
		91668277BA405B102B37C974 /* Profile */ = {
			isa = PBXGroup;
			children = (
				4F05F4485F6FF70CE139A633 /* ProfileView.swift */,
			);
			path = Profile;
			sourceTree = "<group>";
		};
		94B75D7C5C6AE9AB3D45867A /* Search */ = {
			isa = PBXGroup;
			children = (
				B711AF2803F4AFA0B9EDAA3F /* SearchView.swift */,
			);
			path = Search;
			sourceTree = "<group>";
		};
		9887FCEC3FED928F62026A36 /* Crowdfunds */ = {
			isa = PBXGroup;
			children = (
				CFAB23A3DE2D3E2C535CCD0A /* CrowdfundsView.swift */,
			);
			path = Crowdfunds;
			sourceTree = "<group>";
		};
		A492D2B0A59F367B47E5F931 /* Models */ = {
			isa = PBXGroup;
			children = (
				96B868A0DAEFFF9B5213D256 /* Channel.swift */,
				4109E10DB52F71E507369D00 /* Crowdfund.swift */,
				9F2AEB2CE6F29DADB2CC9457 /* Decoding.swift */,
				23BEDDEC2EF40CAEF9B437A1 /* Event.swift */,
				F6092E5CE3E4555A9ED18863 /* Karma.swift */,
				13A3A37FAA4984A1EB9B1EAC /* Notification.swift */,
				E96691175F31A3F9A7B843B9 /* Poll.swift */,
				9836C690FC752CF325A65BCE /* TaskItem.swift */,
				D253657D78BBF3E902095116 /* Tip.swift */,
				A47E77BBB5609B5912398F2D /* Tweet.swift */,
				57C8E03FF2B34F1012414A80 /* User.swift */,
			);
			path = Models;
			sourceTree = "<group>";
		};
		A9E36B81DE4D82ACB7868A40 /* Tasks */ = {
			isa = PBXGroup;
			children = (
				C5127EC451359DB6BAD38D6B /* TasksView.swift */,
			);
			path = Tasks;
			sourceTree = "<group>";
		};
		BCF298F8A161E4E895E01709 /* Compose */ = {
			isa = PBXGroup;
			children = (
				9A5A4C939EB9062092ED03F5 /* ComposeTweetView.swift */,
			);
			path = Compose;
			sourceTree = "<group>";
		};
		C1550E79541414CF68AB9DA1 /* Preview Content */ = {
			isa = PBXGroup;
			children = (
				F3A774268D0B8D0858336218 /* Preview Assets.xcassets */,
			);
			path = "Preview Content";
			sourceTree = "<group>";
		};
		C769BD36666176C348D9926E /* Shell */ = {
			isa = PBXGroup;
			children = (
				5D422B604A75747DAF5FE76A /* RootView.swift */,
			);
			path = Shell;
			sourceTree = "<group>";
		};
		C8B25FB794096192EAF7A9E3 /* Common */ = {
			isa = PBXGroup;
			children = (
				A096FEE4A66995A887689B88 /* AvatarView.swift */,
				92277EC005CE1E6E1ECFE932 /* EmptyStateView.swift */,
				5318951F43F3AE819F82C4A8 /* RelativeTime.swift */,
				FDD2A525C39B064F9AC8C727 /* TribeColors.swift */,
			);
			path = Common;
			sourceTree = "<group>";
		};
		DAAF6751BF3BF47D43D22E49 /* Wallet */ = {
			isa = PBXGroup;
			children = (
				2B868C6072E1DA00FBC6624F /* QRCodeView.swift */,
				D2F96D1F51C4258C86293279 /* WalletView.swift */,
			);
			path = Wallet;
			sourceTree = "<group>";
		};
		E22EB0929D4F45249A56363A /* Home */ = {
			isa = PBXGroup;
			children = (
				3DF7E176BDCE10D02CD1008F /* HomeFeedView.swift */,
				CDE2890C2C72DA40FCFFFC5A /* TweetCardView.swift */,
			);
			path = Home;
			sourceTree = "<group>";
		};
		E769E1E0D9742205A805E409 = {
			isa = PBXGroup;
			children = (
				39A4BCE1D76FDBE99A47C19F /* Sources */,
				1262E7CC4CA709505D1D61DA /* TribeIOS */,
				EA4190FA364FF99179775827 /* Products */,
			);
			sourceTree = "<group>";
		};
		EA4190FA364FF99179775827 /* Products */ = {
			isa = PBXGroup;
			children = (
				8BB7815D3E89E15F732CDD99 /* TribeIOS.app */,
			);
			name = Products;
			sourceTree = "<group>";
		};
		EDFEBAA5E2BD60BDA0FA4713 /* Explore */ = {
			isa = PBXGroup;
			children = (
				365AC8B2963EE11559A6B990 /* ExploreView.swift */,
			);
			path = Explore;
			sourceTree = "<group>";
		};
/* End PBXGroup section */

/* Begin PBXNativeTarget section */
		02D65C6178D07E0FA8523144 /* TribeIOS */ = {
			isa = PBXNativeTarget;
			buildConfigurationList = 565D4EB437907DF02C65815C /* Build configuration list for PBXNativeTarget "TribeIOS" */;
			buildPhases = (
				71D1C855C27A8EAF56A5261B /* Sources */,
				61D6D5A2218068D96B4B3DB4 /* Resources */,
			);
			buildRules = (
			);
			dependencies = (
			);
			name = TribeIOS;
			packageProductDependencies = (
			);
			productName = TribeIOS;
			productReference = 8BB7815D3E89E15F732CDD99 /* TribeIOS.app */;
			productType = "com.apple.product-type.application";
		};
/* End PBXNativeTarget section */

/* Begin PBXProject section */
		76D211E39E177EBFF5DB20F2 /* Project object */ = {
			isa = PBXProject;
			attributes = {
				BuildIndependentTargetsInParallel = YES;
				LastUpgradeCheck = 1430;
				TargetAttributes = {
					02D65C6178D07E0FA8523144 = {
						ProvisioningStyle = Automatic;
					};
				};
			};
			buildConfigurationList = F86A946865610E16AB4DE55D /* Build configuration list for PBXProject "TribeIOS" */;
			developmentRegion = en;
			hasScannedForEncodings = 0;
			knownRegions = (
				Base,
				en,
			);
			mainGroup = E769E1E0D9742205A805E409;
			minimizedProjectReferenceProxies = 1;
			preferredProjectObjectVersion = 77;
			productRefGroup = EA4190FA364FF99179775827 /* Products */;
			projectDirPath = "";
			projectRoot = "";
			targets = (
				02D65C6178D07E0FA8523144 /* TribeIOS */,
			);
		};
/* End PBXProject section */

/* Begin PBXResourcesBuildPhase section */
		61D6D5A2218068D96B4B3DB4 /* Resources */ = {
			isa = PBXResourcesBuildPhase;
			buildActionMask = 2147483647;
			files = (
				AD82F656161B338B928BA963 /* Assets.xcassets in Resources */,
				29CACEF7C7B8E2E0982FDDFF /* Preview Assets.xcassets in Resources */,
			);
			runOnlyForDeploymentPostprocessing = 0;
		};
/* End PBXResourcesBuildPhase section */

/* Begin PBXSourcesBuildPhase section */
		71D1C855C27A8EAF56A5261B /* Sources */ = {
			isa = PBXSourcesBuildPhase;
			buildActionMask = 2147483647;
			files = (
				062D5FC2FA8A420FD140A69A /* AppKey.swift in Sources */,
				0C6B73BFC56EB6DFADD6AE1F /* AppState.swift in Sources */,
				A7BF24787B2293F89CD3B7DB /* AvatarView.swift in Sources */,
				09353AC83AAC4205DE95399B /* Blake3.swift in Sources */,
				07BE494413E0A7398EC351DA /* Channel.swift in Sources */,
				CCD37BACA5F162929930A2B8 /* ChannelsView.swift in Sources */,
				169DF833F63B7EACCD98BC60 /* ComposeTweetView.swift in Sources */,
				58626016C53DC79B7A0C3EE3 /* Config.swift in Sources */,
				E2AA337F2E8CE0533E581D35 /* Crowdfund.swift in Sources */,
				E2368A2BC5743D70F2F820CE /* CrowdfundsView.swift in Sources */,
				B499C5527FEED1ADB63E8E42 /* Decoding.swift in Sources */,
				CD78F7E69049146C337190BB /* EmptyStateView.swift in Sources */,
				A535046A59F75BC1312BE579 /* Endpoints.swift in Sources */,
				1321F48D1E914F3D1E2CF02C /* Event.swift in Sources */,
				1D3D205562E37CA1C3638EAA /* EventsView.swift in Sources */,
				12899E75389FE208AAFF8AE5 /* ExploreView.swift in Sources */,
				6DD36106971F4999D743B256 /* HomeFeedView.swift in Sources */,
				713770619D7FC2CD4547615F /* HubClient.swift in Sources */,
				D21F3B662F0936785B4258F8 /* InteractionCache.swift in Sources */,
				CEEDF60BBB1DF987E0D34486 /* InteractionReads.swift in Sources */,
				FB7318C2D0E67F6390B1D17A /* Karma.swift in Sources */,
				56D6D7AB4E87DA43505CD611 /* Keychain.swift in Sources */,
				BF4C378D6630F4E5351B3B61 /* MessageSigner.swift in Sources */,
				EFD6BC65FC43B81C8FEF9A3E /* Notification.swift in Sources */,
				23AE1ECF321696F49E63F0E4 /* NotificationsView.swift in Sources */,
				37C777E5813FD800E612FFE9 /* OnboardingFlow.swift in Sources */,
				3A6DEDB1980C2F7BB35BD2D4 /* PairFromDesktopView.swift in Sources */,
				995D60FE1189E94DE4C1068D /* Poll.swift in Sources */,
				2796E7D3A341F6D6B71E0499 /* PollsView.swift in Sources */,
				0B2E366148491A0F1186C33E /* ProfileView.swift in Sources */,
				72C17593A75872F7CA3651EF /* Publish.swift in Sources */,
				533A09BE2495EF5B5DDCBC95 /* QRCodeView.swift in Sources */,
				A676EA9A974194BC2AE65627 /* QRScannerView.swift in Sources */,
				8B0B7CC778DA7B462F038A69 /* RelativeTime.swift in Sources */,
				E61797F964B1975651F9F576 /* RootView.swift in Sources */,
				F215E6B681F1F6EF60039593 /* SearchView.swift in Sources */,
				B8F5B24B898568BC227DBE29 /* SettingsView.swift in Sources */,
				C971BB9B1FF1C15E8A61665D /* TaskItem.swift in Sources */,
				958B0CDA8F7E1309C99D5ABF /* TasksView.swift in Sources */,
				0DF09BEC04CC574FCC4A0BAE /* Tip.swift in Sources */,
				2745E729A22A44E3712B9DC9 /* TribeColors.swift in Sources */,
				8437CBF8565D3E056BD7B743 /* TribeIOSApp.swift in Sources */,
				E505F8C592C502F8B6E960CE /* TribesHubView.swift in Sources */,
				A15EAA8BB94BCD3950990A53 /* Tweet.swift in Sources */,
				CBA9642F0B9EC422CEDDAC85 /* TweetCardView.swift in Sources */,
				3EDD2B053F6AE8D1385ED7F1 /* User.swift in Sources */,
				0E7D72785B3D134FB52205E7 /* WalletView.swift in Sources */,
			);
			runOnlyForDeploymentPostprocessing = 0;
		};
/* End PBXSourcesBuildPhase section */

/* Begin XCBuildConfiguration section */
		3DA9E0A88044CDAC30EEF328 /* Release */ = {
			isa = XCBuildConfiguration;
			buildSettings = {
				ASSETCATALOG_COMPILER_APPICON_NAME = AppIcon;
				ASSETCATALOG_COMPILER_GLOBAL_ACCENT_COLOR_NAME = AccentColor;
				CODE_SIGN_IDENTITY = "Apple Development";
				CODE_SIGN_STYLE = Automatic;
				CURRENT_PROJECT_VERSION = 1;
				DEVELOPMENT_ASSET_PATHS = "\"TribeIOS/Preview Content\"";
				DEVELOPMENT_TEAM = VA496FA427;
				ENABLE_PREVIEWS = YES;
				INFOPLIST_FILE = TribeIOS/Info.plist;
				LD_RUNPATH_SEARCH_PATHS = (
					"$(inherited)",
					"@executable_path/Frameworks",
				);
				MARKETING_VERSION = 0.1.0;
				PRODUCT_BUNDLE_IDENTIFIER = app.tribe.ios;
				PRODUCT_NAME = TribeIOS;
				SDKROOT = iphoneos;
				SUPPORTED_PLATFORMS = "iphoneos iphonesimulator";
				SUPPORTS_MACCATALYST = NO;
				SUPPORTS_MAC_DESIGNED_FOR_IPHONE_IPAD = NO;
				SUPPORTS_XR_DESIGNED_FOR_IPHONE_IPAD = NO;
				SWIFT_EMIT_LOC_STRINGS = YES;
				TARGETED_DEVICE_FAMILY = 1;
			};
			name = Release;
		};
		7D2A9AA5F2D876E7050F3C31 /* Release */ = {
			isa = XCBuildConfiguration;
			buildSettings = {
				ALWAYS_SEARCH_USER_PATHS = NO;
				CLANG_ANALYZER_NONNULL = YES;
				CLANG_ANALYZER_NUMBER_OBJECT_CONVERSION = YES_AGGRESSIVE;
				CLANG_CXX_LANGUAGE_STANDARD = "gnu++14";
				CLANG_CXX_LIBRARY = "libc++";
				CLANG_ENABLE_MODULES = YES;
				CLANG_ENABLE_OBJC_ARC = YES;
				CLANG_ENABLE_OBJC_WEAK = YES;
				CLANG_WARN_BLOCK_CAPTURE_AUTORELEASING = YES;
				CLANG_WARN_BOOL_CONVERSION = YES;
				CLANG_WARN_COMMA = YES;
				CLANG_WARN_CONSTANT_CONVERSION = YES;
				CLANG_WARN_DEPRECATED_OBJC_IMPLEMENTATIONS = YES;
				CLANG_WARN_DIRECT_OBJC_ISA_USAGE = YES_ERROR;
				CLANG_WARN_DOCUMENTATION_COMMENTS = YES;
				CLANG_WARN_EMPTY_BODY = YES;
				CLANG_WARN_ENUM_CONVERSION = YES;
				CLANG_WARN_INFINITE_RECURSION = YES;
				CLANG_WARN_INT_CONVERSION = YES;
				CLANG_WARN_NON_LITERAL_NULL_CONVERSION = YES;
				CLANG_WARN_OBJC_IMPLICIT_RETAIN_SELF = YES;
				CLANG_WARN_OBJC_LITERAL_CONVERSION = YES;
				CLANG_WARN_OBJC_ROOT_CLASS = YES_ERROR;
				CLANG_WARN_QUOTED_INCLUDE_IN_FRAMEWORK_HEADER = YES;
				CLANG_WARN_RANGE_LOOP_ANALYSIS = YES;
				CLANG_WARN_STRICT_PROTOTYPES = YES;
				CLANG_WARN_SUSPICIOUS_MOVE = YES;
				CLANG_WARN_UNGUARDED_AVAILABILITY = YES_AGGRESSIVE;
				CLANG_WARN_UNREACHABLE_CODE = YES;
				CLANG_WARN__DUPLICATE_METHOD_MATCH = YES;
				COPY_PHASE_STRIP = NO;
				DEBUG_INFORMATION_FORMAT = "dwarf-with-dsym";
				ENABLE_NS_ASSERTIONS = NO;
				ENABLE_STRICT_OBJC_MSGSEND = YES;
				ENABLE_USER_SCRIPT_SANDBOXING = NO;
				GCC_C_LANGUAGE_STANDARD = gnu11;
				GCC_NO_COMMON_BLOCKS = YES;
				GCC_WARN_64_TO_32_BIT_CONVERSION = YES;
				GCC_WARN_ABOUT_RETURN_TYPE = YES_ERROR;
				GCC_WARN_UNDECLARED_SELECTOR = YES;
				GCC_WARN_UNINITIALIZED_AUTOS = YES_AGGRESSIVE;
				GCC_WARN_UNUSED_FUNCTION = YES;
				GCC_WARN_UNUSED_VARIABLE = YES;
				GENERATE_INFOPLIST_FILE = NO;
				IPHONEOS_DEPLOYMENT_TARGET = 17.0;
				MTL_ENABLE_DEBUG_INFO = NO;
				MTL_FAST_MATH = YES;
				PRODUCT_NAME = "$(TARGET_NAME)";
				SDKROOT = iphoneos;
				SWIFT_COMPILATION_MODE = wholemodule;
				SWIFT_OPTIMIZATION_LEVEL = "-O";
				SWIFT_VERSION = 5.9;
			};
			name = Release;
		};
		D7A94AD39EB2A9AA63F9226F /* Debug */ = {
			isa = XCBuildConfiguration;
			buildSettings = {
				ASSETCATALOG_COMPILER_APPICON_NAME = AppIcon;
				ASSETCATALOG_COMPILER_GLOBAL_ACCENT_COLOR_NAME = AccentColor;
				CODE_SIGN_IDENTITY = "Apple Development";
				CODE_SIGN_STYLE = Automatic;
				CURRENT_PROJECT_VERSION = 1;
				DEVELOPMENT_ASSET_PATHS = "\"TribeIOS/Preview Content\"";
				DEVELOPMENT_TEAM = VA496FA427;
				ENABLE_PREVIEWS = YES;
				INFOPLIST_FILE = TribeIOS/Info.plist;
				LD_RUNPATH_SEARCH_PATHS = (
					"$(inherited)",
					"@executable_path/Frameworks",
				);
				MARKETING_VERSION = 0.1.0;
				PRODUCT_BUNDLE_IDENTIFIER = app.tribe.ios;
				PRODUCT_NAME = TribeIOS;
				SDKROOT = iphoneos;
				SUPPORTED_PLATFORMS = "iphoneos iphonesimulator";
				SUPPORTS_MACCATALYST = NO;
				SUPPORTS_MAC_DESIGNED_FOR_IPHONE_IPAD = NO;
				SUPPORTS_XR_DESIGNED_FOR_IPHONE_IPAD = NO;
				SWIFT_EMIT_LOC_STRINGS = YES;
				TARGETED_DEVICE_FAMILY = 1;
			};
			name = Debug;
		};
		DD24CED23426A64300AE7243 /* Debug */ = {
			isa = XCBuildConfiguration;
			buildSettings = {
				ALWAYS_SEARCH_USER_PATHS = NO;
				CLANG_ANALYZER_NONNULL = YES;
				CLANG_ANALYZER_NUMBER_OBJECT_CONVERSION = YES_AGGRESSIVE;
				CLANG_CXX_LANGUAGE_STANDARD = "gnu++14";
				CLANG_CXX_LIBRARY = "libc++";
				CLANG_ENABLE_MODULES = YES;
				CLANG_ENABLE_OBJC_ARC = YES;
				CLANG_ENABLE_OBJC_WEAK = YES;
				CLANG_WARN_BLOCK_CAPTURE_AUTORELEASING = YES;
				CLANG_WARN_BOOL_CONVERSION = YES;
				CLANG_WARN_COMMA = YES;
				CLANG_WARN_CONSTANT_CONVERSION = YES;
				CLANG_WARN_DEPRECATED_OBJC_IMPLEMENTATIONS = YES;
				CLANG_WARN_DIRECT_OBJC_ISA_USAGE = YES_ERROR;
				CLANG_WARN_DOCUMENTATION_COMMENTS = YES;
				CLANG_WARN_EMPTY_BODY = YES;
				CLANG_WARN_ENUM_CONVERSION = YES;
				CLANG_WARN_INFINITE_RECURSION = YES;
				CLANG_WARN_INT_CONVERSION = YES;
				CLANG_WARN_NON_LITERAL_NULL_CONVERSION = YES;
				CLANG_WARN_OBJC_IMPLICIT_RETAIN_SELF = YES;
				CLANG_WARN_OBJC_LITERAL_CONVERSION = YES;
				CLANG_WARN_OBJC_ROOT_CLASS = YES_ERROR;
				CLANG_WARN_QUOTED_INCLUDE_IN_FRAMEWORK_HEADER = YES;
				CLANG_WARN_RANGE_LOOP_ANALYSIS = YES;
				CLANG_WARN_STRICT_PROTOTYPES = YES;
				CLANG_WARN_SUSPICIOUS_MOVE = YES;
				CLANG_WARN_UNGUARDED_AVAILABILITY = YES_AGGRESSIVE;
				CLANG_WARN_UNREACHABLE_CODE = YES;
				CLANG_WARN__DUPLICATE_METHOD_MATCH = YES;
				COPY_PHASE_STRIP = NO;
				DEBUG_INFORMATION_FORMAT = dwarf;
				ENABLE_STRICT_OBJC_MSGSEND = YES;
				ENABLE_TESTABILITY = YES;
				ENABLE_USER_SCRIPT_SANDBOXING = NO;
				GCC_C_LANGUAGE_STANDARD = gnu11;
				GCC_DYNAMIC_NO_PIC = NO;
				GCC_NO_COMMON_BLOCKS = YES;
				GCC_OPTIMIZATION_LEVEL = 0;
				GCC_PREPROCESSOR_DEFINITIONS = (
					"$(inherited)",
					"DEBUG=1",
				);
				GCC_WARN_64_TO_32_BIT_CONVERSION = YES;
				GCC_WARN_ABOUT_RETURN_TYPE = YES_ERROR;
				GCC_WARN_UNDECLARED_SELECTOR = YES;
				GCC_WARN_UNINITIALIZED_AUTOS = YES_AGGRESSIVE;
				GCC_WARN_UNUSED_FUNCTION = YES;
				GCC_WARN_UNUSED_VARIABLE = YES;
				GENERATE_INFOPLIST_FILE = NO;
				IPHONEOS_DEPLOYMENT_TARGET = 17.0;
				MTL_ENABLE_DEBUG_INFO = INCLUDE_SOURCE;
				MTL_FAST_MATH = YES;
				ONLY_ACTIVE_ARCH = YES;
				PRODUCT_NAME = "$(TARGET_NAME)";
				SDKROOT = iphoneos;
				SWIFT_ACTIVE_COMPILATION_CONDITIONS = DEBUG;
				SWIFT_OPTIMIZATION_LEVEL = "-Onone";
				SWIFT_VERSION = 5.9;
			};
			name = Debug;
		};
/* End XCBuildConfiguration section */

/* Begin XCConfigurationList section */
		565D4EB437907DF02C65815C /* Build configuration list for PBXNativeTarget "TribeIOS" */ = {
			isa = XCConfigurationList;
			buildConfigurations = (
				D7A94AD39EB2A9AA63F9226F /* Debug */,
				3DA9E0A88044CDAC30EEF328 /* Release */,
			);
			defaultConfigurationIsVisible = 0;
			defaultConfigurationName = Debug;
		};
		F86A946865610E16AB4DE55D /* Build configuration list for PBXProject "TribeIOS" */ = {
			isa = XCConfigurationList;
			buildConfigurations = (
				DD24CED23426A64300AE7243 /* Debug */,
				7D2A9AA5F2D876E7050F3C31 /* Release */,
			);
			defaultConfigurationIsVisible = 0;
			defaultConfigurationName = Debug;
		};
/* End XCConfigurationList section */
	};
	rootObject = 76D211E39E177EBFF5DB20F2 /* Project object */;
}
